
Microsoft Visual Studio Solution File, Format Version 12.00
# Visual Studio Version 17
VisualStudioVersion = 17.14.36623.8
MinimumVisualStudioVersion = 10.0.40219.1
Project("{FAE04EC0-301F-11D3-BF4B-00C04F79EFBC}") = "FL1", "FL1\FL1.csproj", "{E4FADF3F-B572-05C4-53D1-1CCBF0D3F7AD}"
EndProject
Project("{FAE04EC0-301F-11D3-BF4B-00C04F79EFBC}") = "FL2", "FL2\FL2.csproj", "{CEFF477F-6F7D-4CC2-B32A-C6A143E4B22E}"
EndProject
Project("{FAE04EC0-301F-11D3-BF4B-00C04F79EFBC}") = "Yatzy", "Yatzy\Yatzy.csproj", "{F92F2F56-149A-42A2-BEED-68000359AFC8}"
EndProject
Project("{FAE04EC0-301F-11D3-BF4B-00C04F79EFBC}") = "FL3", "FL3\FL3.csproj", "{4DB899CF-FC68-4FE3-BACD-F35EDE15E4E5}"
EndProject
Project("{FAE04EC0-301F-11D3-BF4B-00C04F79EFBC}") = "FL4", "FL4\FL4.csproj", "{7CA1BD88-0A19-44E4-AFD3-9FC7102EE603}"
EndProject
Project("{FAE04EC0-301F-11D3-BF4B-00C04F79EFBC}") = "FL5", "FL5\FL5.csproj", "{756C9C96-98A1-4AAC-BC6E-672AD608792A}"
EndProject
Global
	GlobalSection(SolutionConfigurationPlatforms) = preSolution
		Debug|Any CPU = Debug|Any CPU
		Release|Any CPU = Release|Any CPU
	EndGlobalSection
	GlobalSection(ProjectConfigurationPlatforms) = postSolution
		{E4FADF3F-B572-05C4-53D1-1CCBF0D3F7AD}.Debug|Any CPU.ActiveCfg = Debug|Any CPU
		{E4FADF3F-B572-05C4-53D1-1CCBF0D3F7AD}.Debug|Any CPU.Build.0 = Debug|Any CPU
		{E4FADF3F-B572-05C4-53D1-1CCBF0D3F7AD}.Release|Any CPU.ActiveCfg = Release|Any CPU
		{E4FADF3F-B572-05C4-53D1-1CCBF0D3F7AD}.Release|Any CPU.Build.0 = Release|Any CPU
		{CEFF477F-6F7D-4CC2-B32A-C6A143E4B22E}.Debug|Any CPU.ActiveCfg = Debug|Any CPU
		{CEFF477F-6F7D-4CC2-B32A-C6A143E4B22E}.Debug|Any CPU.Build.0 = Debug|Any CPU
		{CEFF477F-6F7D-4CC2-B32A-C6A143E4B22E}.Release|Any CPU.ActiveCfg = Release|Any CPU
		{CEFF477F-6F7D-4CC2-B32A-C6A143E4B22E}.Release|Any CPU.Build.0 = Release|Any CPU
		{F92F2F56-149A-42A2-BEED-68000359AFC8}.Debug|Any CPU.ActiveCfg = Debug|Any CPU
		{F92F2F56-149A-42A2-BEED-68000359AFC8}.Debug|Any CPU.Build.0 = Debug|Any CPU
		{F92F2F56-149A-42A2-BEED-68000359AFC8}.Release|Any CPU.ActiveCfg = Release|Any CPU
		{F92F2F56-149A-42A2-BEED-68000359AFC8}.Release|Any CPU.Build.0 = Release|Any CPU
		{4DB899CF-FC68-4FE3-BACD-F35EDE15E4E5}.Debug|Any CPU.ActiveCfg = Debug|Any CPU
		{4DB899CF-FC68-4FE3-BACD-F35EDE15E4E5}.Debug|Any CPU.Build.0 = Debug|Any CPU
		{4DB899CF-FC68-4FE3-BACD-F35EDE15E4E5}.Release|Any CPU.ActiveCfg = Release|Any CPU
		{4DB899CF-FC68-4FE3-BACD-F35EDE15E4E5}.Release|Any CPU.Build.0 = Release|Any CPU
		{7CA1BD88-0A19-44E4-AFD3-9FC7102EE603}.Debug|Any CPU.ActiveCfg = Debug|Any CPU
		{7CA1BD88-0A19-44E4-AFD3-9FC7102EE603}.Debug|Any CPU.Build.0 = Debug|Any CPU
		{7CA1BD88-0A19-44E4-AFD3-9FC7102EE603}.Release|Any CPU.ActiveCfg = Release|Any CPU
		{7CA1BD88-0A19-44E4-AFD3-9FC7102EE603}.Release|Any CPU.Build.0 = Release|Any CPU
		{756C9C96-98A1-4AAC-BC6E-672AD608792A}.Debug|Any CPU.ActiveCfg = Debug|Any CPU
		{756C9C96-98A1-4AAC-BC6E-672AD608792A}.Debug|Any CPU.Build.0 = Debug|Any CPU
		{756C9C96-98A1-4AAC-BC6E-672AD608792A}.Release|Any CPU.ActiveCfg = Release|Any CPU
		{756C9C96-98A1-4AAC-BC6E-672AD608792A}.Release|Any CPU.Build.0 = Release|Any CPU
	EndGlobalSection
	GlobalSection(SolutionProperties) = preSolution
		HideSolutionNode = FALSE
	EndGlobalSection
	GlobalSection(ExtensibilityGlobals) = postSolution
		SolutionGuid = {5DE9AF03-9E64-4056-A144-C92F6A1BA546}
	EndGlobalSection
EndGlobal
